// !$*UTF8*$!
{
	archiveVersion = 1;
	classes = {
	};
	objectVersion = 46;
	objects = {

/* Begin PBXBuildFile section */
		311C99E01EBE097900635674 /* AppDelegate.swift in Sources */ = {isa = PBXBuildFile; fileRef = 311C99DF1EBE097900635674 /* AppDelegate.swift */; };
		311C99E51EBE097900635674 /* Main.storyboard in Resources */ = {isa = PBXBuildFile; fileRef = 311C99E31EBE097900635674 /* Main.storyboard */; };
		311C99E71EBE097900635674 /* Assets.xcassets in Resources */ = {isa = PBXBuildFile; fileRef = 311C99E61EBE097900635674 /* Assets.xcassets */; };
		311C99EA1EBE097900635674 /* LaunchScreen.storyboard in Resources */ = {isa = PBXBuildFile; fileRef = 311C99E81EBE097900635674 /* LaunchScreen.storyboard */; };
		3142EDCB1ED727D6002FD5A8 /* LoginViewController.swift in Sources */ = {isa = PBXBuildFile; fileRef = 3142EDCA1ED727D6002FD5A8 /* LoginViewController.swift */; };
		3142EDCE1ED72B90002FD5A8 /* DataManager.swift in Sources */ = {isa = PBXBuildFile; fileRef = 3142EDCD1ED72B90002FD5A8 /* DataManager.swift */; };
		31564AFD1ED1AE9D0048697C /* MainViewController.swift in Sources */ = {isa = PBXBuildFile; fileRef = 31564AFC1ED1AE9D0048697C /* MainViewController.swift */; };
		31564AFF1ED1AFC40048697C /* RootViewController.swift in Sources */ = {isa = PBXBuildFile; fileRef = 31564AFE1ED1AFC40048697C /* RootViewController.swift */; };
		31564B011ED1AFDF0048697C /* MenuViewController.swift in Sources */ = {isa = PBXBuildFile; fileRef = 31564B001ED1AFDF0048697C /* MenuViewController.swift */; };
		31564B031ED1B03B0048697C /* MenuNavigationViewController.swift in Sources */ = {isa = PBXBuildFile; fileRef = 31564B021ED1B03B0048697C /* MenuNavigationViewController.swift */; };
		31564B141ED1B2340048697C /* SF-UI-Text-Bold.otf in Resources */ = {isa = PBXBuildFile; fileRef = 31564B061ED1B2340048697C /* SF-UI-Text-Bold.otf */; };
		31564B151ED1B2340048697C /* SF-UI-Text-BoldItalic.otf in Resources */ = {isa = PBXBuildFile; fileRef = 31564B071ED1B2340048697C /* SF-UI-Text-BoldItalic.otf */; };
		31564B161ED1B2340048697C /* SF-UI-Text-Heavy.otf in Resources */ = {isa = PBXBuildFile; fileRef = 31564B081ED1B2340048697C /* SF-UI-Text-Heavy.otf */; };
		31564B171ED1B2340048697C /* SF-UI-Text-HeavyItalic.otf in Resources */ = {isa = PBXBuildFile; fileRef = 31564B091ED1B2340048697C /* SF-UI-Text-HeavyItalic.otf */; };
		31564B181ED1B2340048697C /* SF-UI-Text-Light.otf in Resources */ = {isa = PBXBuildFile; fileRef = 31564B0A1ED1B2340048697C /* SF-UI-Text-Light.otf */; };
		31564B191ED1B2340048697C /* SF-UI-Text-LightItalic.otf in Resources */ = {isa = PBXBuildFile; fileRef = 31564B0B1ED1B2340048697C /* SF-UI-Text-LightItalic.otf */; };
		31564B1A1ED1B2340048697C /* SF-UI-Text-Medium.otf in Resources */ = {isa = PBXBuildFile; fileRef = 31564B0C1ED1B2340048697C /* SF-UI-Text-Medium.otf */; };
		31564B1B1ED1B2340048697C /* SF-UI-Text-MediumItalic.otf in Resources */ = {isa = PBXBuildFile; fileRef = 31564B0D1ED1B2340048697C /* SF-UI-Text-MediumItalic.otf */; };
		31564B1C1ED1B2340048697C /* SF-UI-Text-Regular.otf in Resources */ = {isa = PBXBuildFile; fileRef = 31564B0E1ED1B2340048697C /* SF-UI-Text-Regular.otf */; };
		31564B1D1ED1B2340048697C /* SF-UI-Text-RegularItalic.otf in Resources */ = {isa = PBXBuildFile; fileRef = 31564B0F1ED1B2340048697C /* SF-UI-Text-RegularItalic.otf */; };
		31564B1E1ED1B2340048697C /* SF-UI-Text-Semibold.otf in Resources */ = {isa = PBXBuildFile; fileRef = 31564B101ED1B2340048697C /* SF-UI-Text-Semibold.otf */; };
		31564B1F1ED1B2340048697C /* SF-UI-Text-SemiboldItalic.otf in Resources */ = {isa = PBXBuildFile; fileRef = 31564B111ED1B2340048697C /* SF-UI-Text-SemiboldItalic.otf */; };
		31564B201ED1B2340048697C /* SF-UI-Text-Ultrathin.otf in Resources */ = {isa = PBXBuildFile; fileRef = 31564B121ED1B2340048697C /* SF-UI-Text-Ultrathin.otf */; };
		31564B211ED1B2340048697C /* SF-UI-Text-UltrathinItalic.otf in Resources */ = {isa = PBXBuildFile; fileRef = 31564B131ED1B2340048697C /* SF-UI-Text-UltrathinItalic.otf */; };
		31564B231ED1D5140048697C /* MenuTableViewCell.swift in Sources */ = {isa = PBXBuildFile; fileRef = 31564B221ED1D5140048697C /* MenuTableViewCell.swift */; };
		92D42E93E095F4960E18D28A /* Pods_Push_Auth.framework in Frameworks */ = {isa = PBXBuildFile; fileRef = DF2AB32BD212D95D5F6689B7 /* Pods_Push_Auth.framework */; };
/* End PBXBuildFile section */

/* Begin PBXFileReference section */
		311C99DC1EBE097900635674 /* Push Auth.app */ = {isa = PBXFileReference; explicitFileType = wrapper.application; includeInIndex = 0; path = "Push Auth.app"; sourceTree = BUILT_PRODUCTS_DIR; };
		311C99DF1EBE097900635674 /* AppDelegate.swift */ = {isa = PBXFileReference; lastKnownFileType = sourcecode.swift; path = AppDelegate.swift; sourceTree = "<group>"; };
		311C99E41EBE097900635674 /* Base */ = {isa = PBXFileReference; lastKnownFileType = file.storyboard; name = Base; path = Base.lproj/Main.storyboard; sourceTree = "<group>"; };
		311C99E61EBE097900635674 /* Assets.xcassets */ = {isa = PBXFileReference; lastKnownFileType = folder.assetcatalog; path = Assets.xcassets; sourceTree = "<group>"; };
		311C99E91EBE097900635674 /* Base */ = {isa = PBXFileReference; lastKnownFileType = file.storyboard; name = Base; path = Base.lproj/LaunchScreen.storyboard; sourceTree = "<group>"; };
		311C99EB1EBE097900635674 /* Info.plist */ = {isa = PBXFileReference; lastKnownFileType = text.plist.xml; path = Info.plist; sourceTree = "<group>"; };
		3142EDCA1ED727D6002FD5A8 /* LoginViewController.swift */ = {isa = PBXFileReference; fileEncoding = 4; lastKnownFileType = sourcecode.swift; name = LoginViewController.swift; path = Main/ViewControllers/LoginViewController.swift; sourceTree = "<group>"; };
		3142EDCD1ED72B90002FD5A8 /* DataManager.swift */ = {isa = PBXFileReference; fileEncoding = 4; lastKnownFileType = sourcecode.swift; name = DataManager.swift; path = Managers/DataManager.swift; sourceTree = "<group>"; };
		31564AFC1ED1AE9D0048697C /* MainViewController.swift */ = {isa = PBXFileReference; fileEncoding = 4; lastKnownFileType = sourcecode.swift; name = MainViewController.swift; path = Main/ViewControllers/MainViewController.swift; sourceTree = "<group>"; };
		31564AFE1ED1AFC40048697C /* RootViewController.swift */ = {isa = PBXFileReference; fileEncoding = 4; lastKnownFileType = sourcecode.swift; name = RootViewController.swift; path = Main/ViewControllers/RootViewController.swift; sourceTree = "<group>"; };
		31564B001ED1AFDF0048697C /* MenuViewController.swift */ = {isa = PBXFileReference; fileEncoding = 4; lastKnownFileType = sourcecode.swift; name = MenuViewController.swift; path = Main/ViewControllers/MenuViewController.swift; sourceTree = "<group>"; };
		31564B021ED1B03B0048697C /* MenuNavigationViewController.swift */ = {isa = PBXFileReference; fileEncoding = 4; lastKnownFileType = sourcecode.swift; name = MenuNavigationViewController.swift; path = Main/ViewControllers/MenuNavigationViewController.swift; sourceTree = "<group>"; };
		31564B061ED1B2340048697C /* SF-UI-Text-Bold.otf */ = {isa = PBXFileReference; lastKnownFileType = file; name = "SF-UI-Text-Bold.otf"; path = "Fonts/SF/SF-UI-Text-Bold.otf"; sourceTree = "<group>"; };
		31564B071ED1B2340048697C /* SF-UI-Text-BoldItalic.otf */ = {isa = PBXFileReference; lastKnownFileType = file; name = "SF-UI-Text-BoldItalic.otf"; path = "Fonts/SF/SF-UI-Text-BoldItalic.otf"; sourceTree = "<group>"; };
		31564B081ED1B2340048697C /* SF-UI-Text-Heavy.otf */ = {isa = PBXFileReference; lastKnownFileType = file; name = "SF-UI-Text-Heavy.otf"; path = "Fonts/SF/SF-UI-Text-Heavy.otf"; sourceTree = "<group>"; };
		31564B091ED1B2340048697C /* SF-UI-Text-HeavyItalic.otf */ = {isa = PBXFileReference; lastKnownFileType = file; name = "SF-UI-Text-HeavyItalic.otf"; path = "Fonts/SF/SF-UI-Text-HeavyItalic.otf"; sourceTree = "<group>"; };
		31564B0A1ED1B2340048697C /* SF-UI-Text-Light.otf */ = {isa = PBXFileReference; lastKnownFileType = file; name = "SF-UI-Text-Light.otf"; path = "Fonts/SF/SF-UI-Text-Light.otf"; sourceTree = "<group>"; };
		31564B0B1ED1B2340048697C /* SF-UI-Text-LightItalic.otf */ = {isa = PBXFileReference; lastKnownFileType = file; name = "SF-UI-Text-LightItalic.otf"; path = "Fonts/SF/SF-UI-Text-LightItalic.otf"; sourceTree = "<group>"; };
		31564B0C1ED1B2340048697C /* SF-UI-Text-Medium.otf */ = {isa = PBXFileReference; lastKnownFileType = file; name = "SF-UI-Text-Medium.otf"; path = "Fonts/SF/SF-UI-Text-Medium.otf"; sourceTree = "<group>"; };
		31564B0D1ED1B2340048697C /* SF-UI-Text-MediumItalic.otf */ = {isa = PBXFileReference; lastKnownFileType = file; name = "SF-UI-Text-MediumItalic.otf"; path = "Fonts/SF/SF-UI-Text-MediumItalic.otf"; sourceTree = "<group>"; };
		31564B0E1ED1B2340048697C /* SF-UI-Text-Regular.otf */ = {isa = PBXFileReference; lastKnownFileType = file; name = "SF-UI-Text-Regular.otf"; path = "Fonts/SF/SF-UI-Text-Regular.otf"; sourceTree = "<group>"; };
		31564B0F1ED1B2340048697C /* SF-UI-Text-RegularItalic.otf */ = {isa = PBXFileReference; lastKnownFileType = file; name = "SF-UI-Text-RegularItalic.otf"; path = "Fonts/SF/SF-UI-Text-RegularItalic.otf"; sourceTree = "<group>"; };
		31564B101ED1B2340048697C /* SF-UI-Text-Semibold.otf */ = {isa = PBXFileReference; lastKnownFileType = file; name = "SF-UI-Text-Semibold.otf"; path = "Fonts/SF/SF-UI-Text-Semibold.otf"; sourceTree = "<group>"; };
		31564B111ED1B2340048697C /* SF-UI-Text-SemiboldItalic.otf */ = {isa = PBXFileReference; lastKnownFileType = file; name = "SF-UI-Text-SemiboldItalic.otf"; path = "Fonts/SF/SF-UI-Text-SemiboldItalic.otf"; sourceTree = "<group>"; };
		31564B121ED1B2340048697C /* SF-UI-Text-Ultrathin.otf */ = {isa = PBXFileReference; lastKnownFileType = file; name = "SF-UI-Text-Ultrathin.otf"; path = "Fonts/SF/SF-UI-Text-Ultrathin.otf"; sourceTree = "<group>"; };
		31564B131ED1B2340048697C /* SF-UI-Text-UltrathinItalic.otf */ = {isa = PBXFileReference; lastKnownFileType = file; name = "SF-UI-Text-UltrathinItalic.otf"; path = "Fonts/SF/SF-UI-Text-UltrathinItalic.otf"; sourceTree = "<group>"; };
		31564B221ED1D5140048697C /* MenuTableViewCell.swift */ = {isa = PBXFileReference; fileEncoding = 4; lastKnownFileType = sourcecode.swift; name = MenuTableViewCell.swift; path = Main/Cells/MenuTableViewCell.swift; sourceTree = "<group>"; };
		611F5CBFF6AB1052003C9AF5 /* Pods-Push Auth.release.xcconfig */ = {isa = PBXFileReference; includeInIndex = 1; lastKnownFileType = text.xcconfig; name = "Pods-Push Auth.release.xcconfig"; path = "Pods/Target Support Files/Pods-Push Auth/Pods-Push Auth.release.xcconfig"; sourceTree = "<group>"; };
		DF2AB32BD212D95D5F6689B7 /* Pods_Push_Auth.framework */ = {isa = PBXFileReference; explicitFileType = wrapper.framework; includeInIndex = 0; path = Pods_Push_Auth.framework; sourceTree = BUILT_PRODUCTS_DIR; };
		F7EC64A3B45D6AF362BD3DFB /* Pods-Push Auth.debug.xcconfig */ = {isa = PBXFileReference; includeInIndex = 1; lastKnownFileType = text.xcconfig; name = "Pods-Push Auth.debug.xcconfig"; path = "Pods/Target Support Files/Pods-Push Auth/Pods-Push Auth.debug.xcconfig"; sourceTree = "<group>"; };
/* End PBXFileReference section */

/* Begin PBXFrameworksBuildPhase section */
		311C99D91EBE097900635674 /* Frameworks */ = {
			isa = PBXFrameworksBuildPhase;
			buildActionMask = 2147483647;
			files = (
				92D42E93E095F4960E18D28A /* Pods_Push_Auth.framework in Frameworks */,
			);
			runOnlyForDeploymentPostprocessing = 0;
		};
/* End PBXFrameworksBuildPhase section */

/* Begin PBXGroup section */
		311C99D31EBE097900635674 = {
			isa = PBXGroup;
			children = (
				311C99DE1EBE097900635674 /* Push Auth */,
				311C99DD1EBE097900635674 /* Products */,
				BD902179AF34AF7142C01FC1 /* Pods */,
				A1C06E2441E5758ACD9F0AD0 /* Frameworks */,
			);
			sourceTree = "<group>";
		};
		311C99DD1EBE097900635674 /* Products */ = {
			isa = PBXGroup;
			children = (
				311C99DC1EBE097900635674 /* Push Auth.app */,
			);
			name = Products;
			sourceTree = "<group>";
		};
		311C99DE1EBE097900635674 /* Push Auth */ = {
			isa = PBXGroup;
			children = (
				3142EDCC1ED72B5E002FD5A8 /* Managers */,
				31564B041ED1B1EC0048697C /* Fonts */,
				31564AF71ED1ADAC0048697C /* Main */,
				311C99DF1EBE097900635674 /* AppDelegate.swift */,
				311C99E31EBE097900635674 /* Main.storyboard */,
				311C99E61EBE097900635674 /* Assets.xcassets */,
				311C99E81EBE097900635674 /* LaunchScreen.storyboard */,
				311C99EB1EBE097900635674 /* Info.plist */,
			);
			path = "Push Auth";
			sourceTree = "<group>";
		};
		3142EDCC1ED72B5E002FD5A8 /* Managers */ = {
			isa = PBXGroup;
			children = (
				3142EDCD1ED72B90002FD5A8 /* DataManager.swift */,
			);
			name = Managers;
			sourceTree = "<group>";
		};
		31564AF71ED1ADAC0048697C /* Main */ = {
			isa = PBXGroup;
			children = (
				31564AFB1ED1ADF90048697C /* View */,
				31564AFA1ED1ADEF0048697C /* Model */,
				31564AF91ED1ADDB0048697C /* Cells */,
				31564AF81ED1ADC70048697C /* ViewControllers */,
			);
			name = Main;
			sourceTree = "<group>";
		};
		31564AF81ED1ADC70048697C /* ViewControllers */ = {
			isa = PBXGroup;
			children = (
				31564AFE1ED1AFC40048697C /* RootViewController.swift */,
				31564B001ED1AFDF0048697C /* MenuViewController.swift */,
				31564B021ED1B03B0048697C /* MenuNavigationViewController.swift */,
				31564AFC1ED1AE9D0048697C /* MainViewController.swift */,
				3142EDCA1ED727D6002FD5A8 /* LoginViewController.swift */,
			);
			name = ViewControllers;
			sourceTree = "<group>";
		};
		31564AF91ED1ADDB0048697C /* Cells */ = {
			isa = PBXGroup;
			children = (
				31564B221ED1D5140048697C /* MenuTableViewCell.swift */,
			);
			name = Cells;
			sourceTree = "<group>";
		};
		31564AFA1ED1ADEF0048697C /* Model */ = {
			isa = PBXGroup;
			children = (
			);
			name = Model;
			sourceTree = "<group>";
		};
		31564AFB1ED1ADF90048697C /* View */ = {
			isa = PBXGroup;
			children = (
			);
			name = View;
			sourceTree = "<group>";
		};
		31564B041ED1B1EC0048697C /* Fonts */ = {
			isa = PBXGroup;
			children = (
				31564B051ED1B2250048697C /* SF */,
			);
			name = Fonts;
			sourceTree = "<group>";
		};
		31564B051ED1B2250048697C /* SF */ = {
			isa = PBXGroup;
			children = (
				31564B061ED1B2340048697C /* SF-UI-Text-Bold.otf */,
				31564B071ED1B2340048697C /* SF-UI-Text-BoldItalic.otf */,
				31564B081ED1B2340048697C /* SF-UI-Text-Heavy.otf */,
				31564B091ED1B2340048697C /* SF-UI-Text-HeavyItalic.otf */,
				31564B0A1ED1B2340048697C /* SF-UI-Text-Light.otf */,
				31564B0B1ED1B2340048697C /* SF-UI-Text-LightItalic.otf */,
				31564B0C1ED1B2340048697C /* SF-UI-Text-Medium.otf */,
				31564B0D1ED1B2340048697C /* SF-UI-Text-MediumItalic.otf */,
				31564B0E1ED1B2340048697C /* SF-UI-Text-Regular.otf */,
				31564B0F1ED1B2340048697C /* SF-UI-Text-RegularItalic.otf */,
				31564B101ED1B2340048697C /* SF-UI-Text-Semibold.otf */,
				31564B111ED1B2340048697C /* SF-UI-Text-SemiboldItalic.otf */,
				31564B121ED1B2340048697C /* SF-UI-Text-Ultrathin.otf */,
				31564B131ED1B2340048697C /* SF-UI-Text-UltrathinItalic.otf */,
			);
			name = SF;
			sourceTree = "<group>";
		};
		A1C06E2441E5758ACD9F0AD0 /* Frameworks */ = {
			isa = PBXGroup;
			children = (
				DF2AB32BD212D95D5F6689B7 /* Pods_Push_Auth.framework */,
			);
			name = Frameworks;
			sourceTree = "<group>";
		};
		BD902179AF34AF7142C01FC1 /* Pods */ = {
			isa = PBXGroup;
			children = (
				F7EC64A3B45D6AF362BD3DFB /* Pods-Push Auth.debug.xcconfig */,
				611F5CBFF6AB1052003C9AF5 /* Pods-Push Auth.release.xcconfig */,
			);
			name = Pods;
			sourceTree = "<group>";
		};
/* End PBXGroup section */

/* Begin PBXNativeTarget section */
		311C99DB1EBE097900635674 /* Push Auth */ = {
			isa = PBXNativeTarget;
			buildConfigurationList = 311C99EE1EBE097900635674 /* Build configuration list for PBXNativeTarget "Push Auth" */;
			buildPhases = (
				F515DEB69F2321299239E7BF /* [CP] Check Pods Manifest.lock */,
				311C99D81EBE097900635674 /* Sources */,
				311C99D91EBE097900635674 /* Frameworks */,
				311C99DA1EBE097900635674 /* Resources */,
				1F628E64B5F6EEFD6348D4AD /* [CP] Embed Pods Frameworks */,
				7F412A3450B4685C318CAE93 /* [CP] Copy Pods Resources */,
				3142EDC91ED72237002FD5A8 /* ShellScript */,
			);
			buildRules = (
			);
			dependencies = (
			);
			name = "Push Auth";
			productName = "Push Auth";
			productReference = 311C99DC1EBE097900635674 /* Push Auth.app */;
			productType = "com.apple.product-type.application";
		};
/* End PBXNativeTarget section */

/* Begin PBXProject section */
		311C99D41EBE097900635674 /* Project object */ = {
			isa = PBXProject;
			attributes = {
				LastSwiftUpdateCheck = 0830;
				LastUpgradeCheck = 0830;
				ORGANIZATIONNAME = "Sergey Zhuravel";
				TargetAttributes = {
					311C99DB1EBE097900635674 = {
						CreatedOnToolsVersion = 8.3.2;
						DevelopmentTeam = ZLP5W62CHY;
						ProvisioningStyle = Automatic;
					};
				};
			};
			buildConfigurationList = 311C99D71EBE097900635674 /* Build configuration list for PBXProject "Push Auth" */;
			compatibilityVersion = "Xcode 3.2";
			developmentRegion = English;
			hasScannedForEncodings = 0;
			knownRegions = (
				en,
				Base,
			);
			mainGroup = 311C99D31EBE097900635674;
			productRefGroup = 311C99DD1EBE097900635674 /* Products */;
			projectDirPath = "";
			projectRoot = "";
			targets = (
				311C99DB1EBE097900635674 /* Push Auth */,
			);
		};
/* End PBXProject section */

/* Begin PBXResourcesBuildPhase section */
		311C99DA1EBE097900635674 /* Resources */ = {
			isa = PBXResourcesBuildPhase;
			buildActionMask = 2147483647;
			files = (
				31564B1E1ED1B2340048697C /* SF-UI-Text-Semibold.otf in Resources */,
				311C99EA1EBE097900635674 /* LaunchScreen.storyboard in Resources */,
				311C99E71EBE097900635674 /* Assets.xcassets in Resources */,
				31564B1C1ED1B2340048697C /* SF-UI-Text-Regular.otf in Resources */,
				31564B141ED1B2340048697C /* SF-UI-Text-Bold.otf in Resources */,
				31564B161ED1B2340048697C /* SF-UI-Text-Heavy.otf in Resources */,
				31564B171ED1B2340048697C /* SF-UI-Text-HeavyItalic.otf in Resources */,
				31564B151ED1B2340048697C /* SF-UI-Text-BoldItalic.otf in Resources */,
				31564B181ED1B2340048697C /* SF-UI-Text-Light.otf in Resources */,
				31564B191ED1B2340048697C /* SF-UI-Text-LightItalic.otf in Resources */,
				31564B1A1ED1B2340048697C /* SF-UI-Text-Medium.otf in Resources */,
				311C99E51EBE097900635674 /* Main.storyboard in Resources */,
				31564B1F1ED1B2340048697C /* SF-UI-Text-SemiboldItalic.otf in Resources */,
				31564B211ED1B2340048697C /* SF-UI-Text-UltrathinItalic.otf in Resources */,
				31564B201ED1B2340048697C /* SF-UI-Text-Ultrathin.otf in Resources */,
				31564B1D1ED1B2340048697C /* SF-UI-Text-RegularItalic.otf in Resources */,
				31564B1B1ED1B2340048697C /* SF-UI-Text-MediumItalic.otf in Resources */,
			);
			runOnlyForDeploymentPostprocessing = 0;
		};
/* End PBXResourcesBuildPhase section */

/* Begin PBXShellScriptBuildPhase section */
		1F628E64B5F6EEFD6348D4AD /* [CP] Embed Pods Frameworks */ = {
			isa = PBXShellScriptBuildPhase;
			buildActionMask = 2147483647;
			files = (
			);
			inputPaths = (
			);
			name = "[CP] Embed Pods Frameworks";
			outputPaths = (
			);
			runOnlyForDeploymentPostprocessing = 0;
			shellPath = /bin/sh;
			shellScript = "\"${SRCROOT}/Pods/Target Support Files/Pods-Push Auth/Pods-Push Auth-frameworks.sh\"\n";
			showEnvVarsInLog = 0;
		};
		3142EDC91ED72237002FD5A8 /* ShellScript */ = {
			isa = PBXShellScriptBuildPhase;
			buildActionMask = 2147483647;
			files = (
			);
			inputPaths = (
			);
			outputPaths = (
			);
			runOnlyForDeploymentPostprocessing = 0;
			shellPath = /bin/sh;
			shellScript = "\"${PODS_ROOT}/Fabric/run\" 180b95a21c12f328bf49a142d2f9822d459c0702 dcd8f07af6cdec26cbfae57fc3080bcb3b8efc80458b67577389e01f26f15e53";
		};
		7F412A3450B4685C318CAE93 /* [CP] Copy Pods Resources */ = {
			isa = PBXShellScriptBuildPhase;
			buildActionMask = 2147483647;
			files = (
			);
			inputPaths = (
			);
			name = "[CP] Copy Pods Resources";
			outputPaths = (
			);
			runOnlyForDeploymentPostprocessing = 0;
			shellPath = /bin/sh;
			shellScript = "\"${SRCROOT}/Pods/Target Support Files/Pods-Push Auth/Pods-Push Auth-resources.sh\"\n";
			showEnvVarsInLog = 0;
		};
		F515DEB69F2321299239E7BF /* [CP] Check Pods Manifest.lock */ = {
			isa = PBXShellScriptBuildPhase;
			buildActionMask = 2147483647;
			files = (
			);
			inputPaths = (
			);
			name = "[CP] Check Pods Manifest.lock";
			outputPaths = (
			);
			runOnlyForDeploymentPostprocessing = 0;
			shellPath = /bin/sh;
			shellScript = "diff \"${PODS_ROOT}/../Podfile.lock\" \"${PODS_ROOT}/Manifest.lock\" > /dev/null\nif [ $? != 0 ] ; then\n    # print error to STDERR\n    echo \"error: The sandbox is not in sync with the Podfile.lock. Run 'pod install' or update your CocoaPods installation.\" >&2\n    exit 1\nfi\n";
			showEnvVarsInLog = 0;
		};
/* End PBXShellScriptBuildPhase section */

/* Begin PBXSourcesBuildPhase section */
		311C99D81EBE097900635674 /* Sources */ = {
			isa = PBXSourcesBuildPhase;
			buildActionMask = 2147483647;
			files = (
				3142EDCB1ED727D6002FD5A8 /* LoginViewController.swift in Sources */,
				3142EDCE1ED72B90002FD5A8 /* DataManager.swift in Sources */,
				311C99E01EBE097900635674 /* AppDelegate.swift in Sources */,
				31564AFD1ED1AE9D0048697C /* MainViewController.swift in Sources */,
				31564B231ED1D5140048697C /* MenuTableViewCell.swift in Sources */,
				31564AFF1ED1AFC40048697C /* RootViewController.swift in Sources */,
				31564B031ED1B03B0048697C /* MenuNavigationViewController.swift in Sources */,
				31564B011ED1AFDF0048697C /* MenuViewController.swift in Sources */,
			);
			runOnlyForDeploymentPostprocessing = 0;
		};
/* End PBXSourcesBuildPhase section */

/* Begin PBXVariantGroup section */
		311C99E31EBE097900635674 /* Main.storyboard */ = {
			isa = PBXVariantGroup;
			children = (
				311C99E41EBE097900635674 /* Base */,
			);
			name = Main.storyboard;
			sourceTree = "<group>";
		};
		311C99E81EBE097900635674 /* LaunchScreen.storyboard */ = {
			isa = PBXVariantGroup;
			children = (
				311C99E91EBE097900635674 /* Base */,
			);
			name = LaunchScreen.storyboard;
			sourceTree = "<group>";
		};
/* End PBXVariantGroup section */

/* Begin XCBuildConfiguration section */
		311C99EC1EBE097900635674 /* Debug */ = {
			isa = XCBuildConfiguration;
			buildSettings = {
				ALWAYS_SEARCH_USER_PATHS = NO;
				CLANG_ANALYZER_NONNULL = YES;
				CLANG_ANALYZER_NUMBER_OBJECT_CONVERSION = YES_AGGRESSIVE;
				CLANG_CXX_LANGUAGE_STANDARD = "gnu++0x";
				CLANG_CXX_LIBRARY = "libc++";
				CLANG_ENABLE_MODULES = YES;
				CLANG_ENABLE_OBJC_ARC = YES;
				CLANG_WARN_BOOL_CONVERSION = YES;
				CLANG_WARN_CONSTANT_CONVERSION = YES;
				CLANG_WARN_DIRECT_OBJC_ISA_USAGE = YES_ERROR;
				CLANG_WARN_DOCUMENTATION_COMMENTS = YES;
				CLANG_WARN_EMPTY_BODY = YES;
				CLANG_WARN_ENUM_CONVERSION = YES;
				CLANG_WARN_INFINITE_RECURSION = YES;
				CLANG_WARN_INT_CONVERSION = YES;
				CLANG_WARN_OBJC_ROOT_CLASS = YES_ERROR;
				CLANG_WARN_SUSPICIOUS_MOVE = YES;
				CLANG_WARN_UNREACHABLE_CODE = YES;
				CLANG_WARN__DUPLICATE_METHOD_MATCH = YES;
				"CODE_SIGN_IDENTITY[sdk=iphoneos*]" = "iPhone Developer";
				COPY_PHASE_STRIP = NO;
				DEBUG_INFORMATION_FORMAT = dwarf;
				ENABLE_STRICT_OBJC_MSGSEND = YES;
				ENABLE_TESTABILITY = YES;
				GCC_C_LANGUAGE_STANDARD = gnu99;
				GCC_DYNAMIC_NO_PIC = NO;
				GCC_NO_COMMON_BLOCKS = YES;
				GCC_OPTIMIZATION_LEVEL = 0;
				GCC_PREPROCESSOR_DEFINITIONS = (
					"DEBUG=1",
					"$(inherited)",
				);
				GCC_WARN_64_TO_32_BIT_CONVERSION = YES;
				GCC_WARN_ABOUT_RETURN_TYPE = YES_ERROR;
				GCC_WARN_UNDECLARED_SELECTOR = YES;
				GCC_WARN_UNINITIALIZED_AUTOS = YES_AGGRESSIVE;
				GCC_WARN_UNUSED_FUNCTION = YES;
				GCC_WARN_UNUSED_VARIABLE = YES;
				IPHONEOS_DEPLOYMENT_TARGET = 10.3;
				MTL_ENABLE_DEBUG_INFO = YES;
				ONLY_ACTIVE_ARCH = YES;
				SDKROOT = iphoneos;
				SWIFT_ACTIVE_COMPILATION_CONDITIONS = DEBUG;
				SWIFT_OPTIMIZATION_LEVEL = "-Onone";
				TARGETED_DEVICE_FAMILY = "1,2";
			};
			name = Debug;
		};
		311C99ED1EBE097900635674 /* Release */ = {
			isa = XCBuildConfiguration;
			buildSettings = {
				ALWAYS_SEARCH_USER_PATHS = NO;
				CLANG_ANALYZER_NONNULL = YES;
				CLANG_ANALYZER_NUMBER_OBJECT_CONVERSION = YES_AGGRESSIVE;
				CLANG_CXX_LANGUAGE_STANDARD = "gnu++0x";
				CLANG_CXX_LIBRARY = "libc++";
				CLANG_ENABLE_MODULES = YES;
				CLANG_ENABLE_OBJC_ARC = YES;
				CLANG_WARN_BOOL_CONVERSION = YES;
				CLANG_WARN_CONSTANT_CONVERSION = YES;
				CLANG_WARN_DIRECT_OBJC_ISA_USAGE = YES_ERROR;
				CLANG_WARN_DOCUMENTATION_COMMENTS = YES;
				CLANG_WARN_EMPTY_BODY = YES;
				CLANG_WARN_ENUM_CONVERSION = YES;
				CLANG_WARN_INFINITE_RECURSION = YES;
				CLANG_WARN_INT_CONVERSION = YES;
				CLANG_WARN_OBJC_ROOT_CLASS = YES_ERROR;
				CLANG_WARN_SUSPICIOUS_MOVE = YES;
				CLANG_WARN_UNREACHABLE_CODE = YES;
				CLANG_WARN__DUPLICATE_METHOD_MATCH = YES;
				"CODE_SIGN_IDENTITY[sdk=iphoneos*]" = "iPhone Developer";
				COPY_PHASE_STRIP = NO;
				DEBUG_INFORMATION_FORMAT = "dwarf-with-dsym";
				ENABLE_NS_ASSERTIONS = NO;
				ENABLE_STRICT_OBJC_MSGSEND = YES;
				GCC_C_LANGUAGE_STANDARD = gnu99;
				GCC_NO_COMMON_BLOCKS = YES;
				GCC_WARN_64_TO_32_BIT_CONVERSION = YES;
				GCC_WARN_ABOUT_RETURN_TYPE = YES_ERROR;
				GCC_WARN_UNDECLARED_SELECTOR = YES;
				GCC_WARN_UNINITIALIZED_AUTOS = YES_AGGRESSIVE;
				GCC_WARN_UNUSED_FUNCTION = YES;
				GCC_WARN_UNUSED_VARIABLE = YES;
				IPHONEOS_DEPLOYMENT_TARGET = 10.3;
				MTL_ENABLE_DEBUG_INFO = NO;
				SDKROOT = iphoneos;
				SWIFT_OPTIMIZATION_LEVEL = "-Owholemodule";
				TARGETED_DEVICE_FAMILY = "1,2";
				VALIDATE_PRODUCT = YES;
			};
			name = Release;
		};
		311C99EF1EBE097900635674 /* Debug */ = {
			isa = XCBuildConfiguration;
			baseConfigurationReference = F7EC64A3B45D6AF362BD3DFB /* Pods-Push Auth.debug.xcconfig */;
			buildSettings = {
				ASSETCATALOG_COMPILER_APPICON_NAME = AppIcon;
				DEVELOPMENT_TEAM = ZLP5W62CHY;
				INFOPLIST_FILE = "Push Auth/Info.plist";
				IPHONEOS_DEPLOYMENT_TARGET = 9.0;
				LD_RUNPATH_SEARCH_PATHS = "$(inherited) @executable_path/Frameworks";
				PRODUCT_BUNDLE_IDENTIFIER = "Sergey-Zhuravel.Push-Auth";
				PRODUCT_NAME = "$(TARGET_NAME)";
				SWIFT_VERSION = 3.0;
			};
			name = Debug;
		};
		311C99F01EBE097900635674 /* Release */ = {
			isa = XCBuildConfiguration;
			baseConfigurationReference = 611F5CBFF6AB1052003C9AF5 /* Pods-Push Auth.release.xcconfig */;
			buildSettings = {
				ASSETCATALOG_COMPILER_APPICON_NAME = AppIcon;
				DEVELOPMENT_TEAM = ZLP5W62CHY;
				INFOPLIST_FILE = "Push Auth/Info.plist";
				IPHONEOS_DEPLOYMENT_TARGET = 9.0;
				LD_RUNPATH_SEARCH_PATHS = "$(inherited) @executable_path/Frameworks";
				PRODUCT_BUNDLE_IDENTIFIER = "Sergey-Zhuravel.Push-Auth";
				PRODUCT_NAME = "$(TARGET_NAME)";
				SWIFT_VERSION = 3.0;
			};
			name = Release;
		};
/* End XCBuildConfiguration section */

/* Begin XCConfigurationList section */
		311C99D71EBE097900635674 /* Build configuration list for PBXProject "Push Auth" */ = {
			isa = XCConfigurationList;
			buildConfigurations = (
				311C99EC1EBE097900635674 /* Debug */,
				311C99ED1EBE097900635674 /* Release */,
			);
			defaultConfigurationIsVisible = 0;
			defaultConfigurationName = Release;
		};
		311C99EE1EBE097900635674 /* Build configuration list for PBXNativeTarget "Push Auth" */ = {
			isa = XCConfigurationList;
			buildConfigurations = (
				311C99EF1EBE097900635674 /* Debug */,
				311C99F01EBE097900635674 /* Release */,
			);
			defaultConfigurationIsVisible = 0;
			defaultConfigurationName = Release;
		};
/* End XCConfigurationList section */
	};
	rootObject = 311C99D41EBE097900635674 /* Project object */;
}
