// !$*UTF8*$!
{
	archiveVersion = 1;
	classes = {
	};
	objectVersion = 46;
	objects = {

/* Begin PBXBuildFile section */
		311C99E01EBE097900635674 /* AppDelegate.swift in Sources */ = {isa = PBXBuildFile; fileRef = 311C99DF1EBE097900635674 /* AppDelegate.swift */; };
		311C99E21EBE097900635674 /* ViewController.swift in Sources */ = {isa = PBXBuildFile; fileRef = 311C99E11EBE097900635674 /* ViewController.swift */; };
		311C99E51EBE097900635674 /* Main.storyboard in Resources */ = {isa = PBXBuildFile; fileRef = 311C99E31EBE097900635674 /* Main.storyboard */; };
		311C99E71EBE097900635674 /* Assets.xcassets in Resources */ = {isa = PBXBuildFile; fileRef = 311C99E61EBE097900635674 /* Assets.xcassets */; };
		311C99EA1EBE097900635674 /* LaunchScreen.storyboard in Resources */ = {isa = PBXBuildFile; fileRef = 311C99E81EBE097900635674 /* LaunchScreen.storyboard */; };
/* End PBXBuildFile section */

/* Begin PBXFileReference section */
		311C99DC1EBE097900635674 /* Push Auth.app */ = {isa = PBXFileReference; explicitFileType = wrapper.application; includeInIndex = 0; path = "Push Auth.app"; sourceTree = BUILT_PRODUCTS_DIR; };
		311C99DF1EBE097900635674 /* AppDelegate.swift */ = {isa = PBXFileReference; lastKnownFileType = sourcecode.swift; path = AppDelegate.swift; sourceTree = "<group>"; };
		311C99E11EBE097900635674 /* ViewController.swift */ = {isa = PBXFileReference; lastKnownFileType = sourcecode.swift; path = ViewController.swift; sourceTree = "<group>"; };
		311C99E41EBE097900635674 /* Base */ = {isa = PBXFileReference; lastKnownFileType = file.storyboard; name = Base; path = Base.lproj/Main.storyboard; sourceTree = "<group>"; };
		311C99E61EBE097900635674 /* Assets.xcassets */ = {isa = PBXFileReference; lastKnownFileType = folder.assetcatalog; path = Assets.xcassets; sourceTree = "<group>"; };
		311C99E91EBE097900635674 /* Base */ = {isa = PBXFileReference; lastKnownFileType = file.storyboard; name = Base; path = Base.lproj/LaunchScreen.storyboard; sourceTree = "<group>"; };
		311C99EB1EBE097900635674 /* Info.plist */ = {isa = PBXFileReference; lastKnownFileType = text.plist.xml; path = Info.plist; sourceTree = "<group>"; };
/* End PBXFileReference section */

/* Begin PBXFrameworksBuildPhase section */
		311C99D91EBE097900635674 /* Frameworks */ = {
			isa = PBXFrameworksBuildPhase;
			buildActionMask = 2147483647;
			files = (
			);
			runOnlyForDeploymentPostprocessing = 0;
		};
/* End PBXFrameworksBuildPhase section */

/* Begin PBXGroup section */
		311C99D31EBE097900635674 = {
			isa = PBXGroup;
			children = (
				311C99DE1EBE097900635674 /* Push Auth */,
				311C99DD1EBE097900635674 /* Products */,
			);
			sourceTree = "<group>";
		};
		311C99DD1EBE097900635674 /* Products */ = {
			isa = PBXGroup;
			children = (
				311C99DC1EBE097900635674 /* Push Auth.app */,
			);
			name = Products;
			sourceTree = "<group>";
		};
		311C99DE1EBE097900635674 /* Push Auth */ = {
			isa = PBXGroup;
			children = (
				311C99DF1EBE097900635674 /* AppDelegate.swift */,
				311C99E11EBE097900635674 /* ViewController.swift */,
				311C99E31EBE097900635674 /* Main.storyboard */,
				311C99E61EBE097900635674 /* Assets.xcassets */,
				311C99E81EBE097900635674 /* LaunchScreen.storyboard */,
				311C99EB1EBE097900635674 /* Info.plist */,
			);
			path = "Push Auth";
			sourceTree = "<group>";
		};
/* End PBXGroup section */

/* Begin PBXNativeTarget section */
		311C99DB1EBE097900635674 /* Push Auth */ = {
			isa = PBXNativeTarget;
			buildConfigurationList = 311C99EE1EBE097900635674 /* Build configuration list for PBXNativeTarget "Push Auth" */;
			buildPhases = (
				311C99D81EBE097900635674 /* Sources */,
				311C99D91EBE097900635674 /* Frameworks */,
				311C99DA1EBE097900635674 /* Resources */,
			);
			buildRules = (
			);
			dependencies = (
			);
			name = "Push Auth";
			productName = "Push Auth";
			productReference = 311C99DC1EBE097900635674 /* Push Auth.app */;
			productType = "com.apple.product-type.application";
		};
/* End PBXNativeTarget section */

/* Begin PBXProject section */
		311C99D41EBE097900635674 /* Project object */ = {
			isa = PBXProject;
			attributes = {
				LastSwiftUpdateCheck = 0830;
				LastUpgradeCheck = 0830;
				ORGANIZATIONNAME = "Sergey Zhuravel";
				TargetAttributes = {
					311C99DB1EBE097900635674 = {
						CreatedOnToolsVersion = 8.3.2;
						DevelopmentTeam = ZLP5W62CHY;
						ProvisioningStyle = Automatic;
					};
				};
			};
			buildConfigurationList = 311C99D71EBE097900635674 /* Build configuration list for PBXProject "Push Auth" */;
			compatibilityVersion = "Xcode 3.2";
			developmentRegion = English;
			hasScannedForEncodings = 0;
			knownRegions = (
				en,
				Base,
			);
			mainGroup = 311C99D31EBE097900635674;
			productRefGroup = 311C99DD1EBE097900635674 /* Products */;
			projectDirPath = "";
			projectRoot = "";
			targets = (
				311C99DB1EBE097900635674 /* Push Auth */,
			);
		};
/* End PBXProject section */

/* Begin PBXResourcesBuildPhase section */
		311C99DA1EBE097900635674 /* Resources */ = {
			isa = PBXResourcesBuildPhase;
			buildActionMask = 2147483647;
			files = (
				311C99EA1EBE097900635674 /* LaunchScreen.storyboard in Resources */,
				311C99E71EBE097900635674 /* Assets.xcassets in Resources */,
				311C99E51EBE097900635674 /* Main.storyboard in Resources */,
			);
			runOnlyForDeploymentPostprocessing = 0;
		};
/* End PBXResourcesBuildPhase section */

/* Begin PBXSourcesBuildPhase section */
		311C99D81EBE097900635674 /* Sources */ = {
			isa = PBXSourcesBuildPhase;
			buildActionMask = 2147483647;
			files = (
				311C99E21EBE097900635674 /* ViewController.swift in Sources */,
				311C99E01EBE097900635674 /* AppDelegate.swift in Sources */,
			);
			runOnlyForDeploymentPostprocessing = 0;
		};
/* End PBXSourcesBuildPhase section */

/* Begin PBXVariantGroup section */
		311C99E31EBE097900635674 /* Main.storyboard */ = {
			isa = PBXVariantGroup;
			children = (
				311C99E41EBE097900635674 /* Base */,
			);
			name = Main.storyboard;
			sourceTree = "<group>";
		};
		311C99E81EBE097900635674 /* LaunchScreen.storyboard */ = {
			isa = PBXVariantGroup;
			children = (
				311C99E91EBE097900635674 /* Base */,
			);
			name = LaunchScreen.storyboard;
			sourceTree = "<group>";
		};
/* End PBXVariantGroup section */

/* Begin XCBuildConfiguration section */
		311C99EC1EBE097900635674 /* Debug */ = {
			isa = XCBuildConfiguration;
			buildSettings = {
				ALWAYS_SEARCH_USER_PATHS = NO;
				CLANG_ANALYZER_NONNULL = YES;
				CLANG_ANALYZER_NUMBER_OBJECT_CONVERSION = YES_AGGRESSIVE;
				CLANG_CXX_LANGUAGE_STANDARD = "gnu++0x";
				CLANG_CXX_LIBRARY = "libc++";
				CLANG_ENABLE_MODULES = YES;
				CLANG_ENABLE_OBJC_ARC = YES;
				CLANG_WARN_BOOL_CONVERSION = YES;
				CLANG_WARN_CONSTANT_CONVERSION = YES;
				CLANG_WARN_DIRECT_OBJC_ISA_USAGE = YES_ERROR;
				CLANG_WARN_DOCUMENTATION_COMMENTS = YES;
				CLANG_WARN_EMPTY_BODY = YES;
				CLANG_WARN_ENUM_CONVERSION = YES;
				CLANG_WARN_INFINITE_RECURSION = YES;
				CLANG_WARN_INT_CONVERSION = YES;
				CLANG_WARN_OBJC_ROOT_CLASS = YES_ERROR;
				CLANG_WARN_SUSPICIOUS_MOVE = YES;
				CLANG_WARN_UNREACHABLE_CODE = YES;
				CLANG_WARN__DUPLICATE_METHOD_MATCH = YES;
				"CODE_SIGN_IDENTITY[sdk=iphoneos*]" = "iPhone Developer";
				COPY_PHASE_STRIP = NO;
				DEBUG_INFORMATION_FORMAT = dwarf;
				ENABLE_STRICT_OBJC_MSGSEND = YES;
				ENABLE_TESTABILITY = YES;
				GCC_C_LANGUAGE_STANDARD = gnu99;
				GCC_DYNAMIC_NO_PIC = NO;
				GCC_NO_COMMON_BLOCKS = YES;
				GCC_OPTIMIZATION_LEVEL = 0;
				GCC_PREPROCESSOR_DEFINITIONS = (
					"DEBUG=1",
					"$(inherited)",
				);
				GCC_WARN_64_TO_32_BIT_CONVERSION = YES;
				GCC_WARN_ABOUT_RETURN_TYPE = YES_ERROR;
				GCC_WARN_UNDECLARED_SELECTOR = YES;
				GCC_WARN_UNINITIALIZED_AUTOS = YES_AGGRESSIVE;
				GCC_WARN_UNUSED_FUNCTION = YES;
				GCC_WARN_UNUSED_VARIABLE = YES;
				IPHONEOS_DEPLOYMENT_TARGET = 10.3;
				MTL_ENABLE_DEBUG_INFO = YES;
				ONLY_ACTIVE_ARCH = YES;
				SDKROOT = iphoneos;
				SWIFT_ACTIVE_COMPILATION_CONDITIONS = DEBUG;
				SWIFT_OPTIMIZATION_LEVEL = "-Onone";
				TARGETED_DEVICE_FAMILY = "1,2";
			};
			name = Debug;
		};
		311C99ED1EBE097900635674 /* Release */ = {
			isa = XCBuildConfiguration;
			buildSettings = {
				ALWAYS_SEARCH_USER_PATHS = NO;
				CLANG_ANALYZER_NONNULL = YES;
				CLANG_ANALYZER_NUMBER_OBJECT_CONVERSION = YES_AGGRESSIVE;
				CLANG_CXX_LANGUAGE_STANDARD = "gnu++0x";
				CLANG_CXX_LIBRARY = "libc++";
				CLANG_ENABLE_MODULES = YES;
				CLANG_ENABLE_OBJC_ARC = YES;
				CLANG_WARN_BOOL_CONVERSION = YES;
				CLANG_WARN_CONSTANT_CONVERSION = YES;
				CLANG_WARN_DIRECT_OBJC_ISA_USAGE = YES_ERROR;
				CLANG_WARN_DOCUMENTATION_COMMENTS = YES;
				CLANG_WARN_EMPTY_BODY = YES;
				CLANG_WARN_ENUM_CONVERSION = YES;
				CLANG_WARN_INFINITE_RECURSION = YES;
				CLANG_WARN_INT_CONVERSION = YES;
				CLANG_WARN_OBJC_ROOT_CLASS = YES_ERROR;
				CLANG_WARN_SUSPICIOUS_MOVE = YES;
				CLANG_WARN_UNREACHABLE_CODE = YES;
				CLANG_WARN__DUPLICATE_METHOD_MATCH = YES;
				"CODE_SIGN_IDENTITY[sdk=iphoneos*]" = "iPhone Developer";
				COPY_PHASE_STRIP = NO;
				DEBUG_INFORMATION_FORMAT = "dwarf-with-dsym";
				ENABLE_NS_ASSERTIONS = NO;
				ENABLE_STRICT_OBJC_MSGSEND = YES;
				GCC_C_LANGUAGE_STANDARD = gnu99;
				GCC_NO_COMMON_BLOCKS = YES;
				GCC_WARN_64_TO_32_BIT_CONVERSION = YES;
				GCC_WARN_ABOUT_RETURN_TYPE = YES_ERROR;
				GCC_WARN_UNDECLARED_SELECTOR = YES;
				GCC_WARN_UNINITIALIZED_AUTOS = YES_AGGRESSIVE;
				GCC_WARN_UNUSED_FUNCTION = YES;
				GCC_WARN_UNUSED_VARIABLE = YES;
				IPHONEOS_DEPLOYMENT_TARGET = 10.3;
				MTL_ENABLE_DEBUG_INFO = NO;
				SDKROOT = iphoneos;
				SWIFT_OPTIMIZATION_LEVEL = "-Owholemodule";
				TARGETED_DEVICE_FAMILY = "1,2";
				VALIDATE_PRODUCT = YES;
			};
			name = Release;
		};
		311C99EF1EBE097900635674 /* Debug */ = {
			isa = XCBuildConfiguration;
			buildSettings = {
				ASSETCATALOG_COMPILER_APPICON_NAME = AppIcon;
				DEVELOPMENT_TEAM = ZLP5W62CHY;
				INFOPLIST_FILE = "Push Auth/Info.plist";
				LD_RUNPATH_SEARCH_PATHS = "$(inherited) @executable_path/Frameworks";
				PRODUCT_BUNDLE_IDENTIFIER = "Sergey-Zhuravel.Push-Auth";
				PRODUCT_NAME = "$(TARGET_NAME)";
				SWIFT_VERSION = 3.0;
			};
			name = Debug;
		};
		311C99F01EBE097900635674 /* Release */ = {
			isa = XCBuildConfiguration;
			buildSettings = {
				ASSETCATALOG_COMPILER_APPICON_NAME = AppIcon;
				DEVELOPMENT_TEAM = ZLP5W62CHY;
				INFOPLIST_FILE = "Push Auth/Info.plist";
				LD_RUNPATH_SEARCH_PATHS = "$(inherited) @executable_path/Frameworks";
				PRODUCT_BUNDLE_IDENTIFIER = "Sergey-Zhuravel.Push-Auth";
				PRODUCT_NAME = "$(TARGET_NAME)";
				SWIFT_VERSION = 3.0;
			};
			name = Release;
		};
/* End XCBuildConfiguration section */

/* Begin XCConfigurationList section */
		311C99D71EBE097900635674 /* Build configuration list for PBXProject "Push Auth" */ = {
			isa = XCConfigurationList;
			buildConfigurations = (
				311C99EC1EBE097900635674 /* Debug */,
				311C99ED1EBE097900635674 /* Release */,
			);
			defaultConfigurationIsVisible = 0;
			defaultConfigurationName = Release;
		};
		311C99EE1EBE097900635674 /* Build configuration list for PBXNativeTarget "Push Auth" */ = {
			isa = XCConfigurationList;
			buildConfigurations = (
				311C99EF1EBE097900635674 /* Debug */,
				311C99F01EBE097900635674 /* Release */,
			);
			defaultConfigurationIsVisible = 0;
		};
/* End XCConfigurationList section */
	};
	rootObject = 311C99D41EBE097900635674 /* Project object */;
}
